
Microsoft Visual Studio Solution File, Format Version 12.00
# Visual Studio Version 17
VisualStudioVersion = 17.7.34221.43
MinimumVisualStudioVersion = 10.0.40219.1
Project("{FAE04EC0-301F-11D3-BF4B-00C04F79EFBC}") = "wezel3", "wezel3\wezel3.csproj", "{75E09B83-FC8C-4096-866C-C2D966A75554}"
EndProject
Global
	GlobalSection(SolutionConfigurationPlatforms) = preSolution
		Debug|Any CPU = Debug|Any CPU
		Release|Any CPU = Release|Any CPU
	EndGlobalSection
	GlobalSection(ProjectConfigurationPlatforms) = postSolution
		{75E09B83-FC8C-4096-866C-C2D966A75554}.Debug|Any CPU.ActiveCfg = Debug|Any CPU
		{75E09B83-FC8C-4096-866C-C2D966A75554}.Debug|Any CPU.Build.0 = Debug|Any CPU
		{75E09B83-FC8C-4096-866C-C2D966A75554}.Release|Any CPU.ActiveCfg = Release|Any CPU
		{75E09B83-FC8C-4096-866C-C2D966A75554}.Release|Any CPU.Build.0 = Release|Any CPU
	EndGlobalSection
	GlobalSection(SolutionProperties) = preSolution
		HideSolutionNode = FALSE
	EndGlobalSection
	GlobalSection(ExtensibilityGlobals) = postSolution
		SolutionGuid = {59123A48-E7ED-4323-ABF6-A7100338096F}
	EndGlobalSection
EndGlobal
