
Microsoft Visual Studio Solution File, Format Version 12.00
# Visual Studio Version 17
VisualStudioVersion = 17.3.32922.545
MinimumVisualStudioVersion = 10.0.40219.1
Project("{FAE04EC0-301F-11D3-BF4B-00C04F79EFBC}") = "wezel", "wezel.csproj", "{B91DD235-5C12-45C8-89F2-DF206B0F9559}"
EndProject
Global
	GlobalSection(SolutionConfigurationPlatforms) = preSolution
		Debug|Any CPU = Debug|Any CPU
		Release|Any CPU = Release|Any CPU
	EndGlobalSection
	GlobalSection(ProjectConfigurationPlatforms) = postSolution
		{B91DD235-5C12-45C8-89F2-DF206B0F9559}.Debug|Any CPU.ActiveCfg = Debug|Any CPU
		{B91DD235-5C12-45C8-89F2-DF206B0F9559}.Debug|Any CPU.Build.0 = Debug|Any CPU
		{B91DD235-5C12-45C8-89F2-DF206B0F9559}.Release|Any CPU.ActiveCfg = Release|Any CPU
		{B91DD235-5C12-45C8-89F2-DF206B0F9559}.Release|Any CPU.Build.0 = Release|Any CPU
	EndGlobalSection
	GlobalSection(SolutionProperties) = preSolution
		HideSolutionNode = FALSE
	EndGlobalSection
	GlobalSection(ExtensibilityGlobals) = postSolution
		SolutionGuid = {5CBCE75D-69A2-411B-BEB6-13C3D233B18A}
	EndGlobalSection
EndGlobal
